// !$*UTF8*$!
{
	archiveVersion = 1;
	classes = {
	};
	objectVersion = 51;
	objects = {

/* Begin PBXBuildFile section */
		2A9ADFAE04AB25772EC24DF5 /* Pods_pictureSearch.framework in Frameworks */ = {isa = PBXBuildFile; fileRef = B245F604C4891352BC4AA260 /* Pods_pictureSearch.framework */; };
		37ABBB8622A6D5E7001F9C37 /* AppDelegate.swift in Sources */ = {isa = PBXBuildFile; fileRef = 37ABBB8522A6D5E7001F9C37 /* AppDelegate.swift */; };
		37ABBB8B22A6D5E7001F9C37 /* Main.storyboard in Resources */ = {isa = PBXBuildFile; fileRef = 37ABBB8922A6D5E7001F9C37 /* Main.storyboard */; };
		37ABBB8D22A6D5E8001F9C37 /* Assets.xcassets in Resources */ = {isa = PBXBuildFile; fileRef = 37ABBB8C22A6D5E8001F9C37 /* Assets.xcassets */; };
		37ABBB9022A6D5E8001F9C37 /* LaunchScreen.storyboard in Resources */ = {isa = PBXBuildFile; fileRef = 37ABBB8E22A6D5E8001F9C37 /* LaunchScreen.storyboard */; };
		37ABBB9822A6DCB7001F9C37 /* SearchViewController.swift in Sources */ = {isa = PBXBuildFile; fileRef = 37ABBB9722A6DCB7001F9C37 /* SearchViewController.swift */; };
		37ABBBA122A6E481001F9C37 /* ViewController.swift in Sources */ = {isa = PBXBuildFile; fileRef = 37ABBBA022A6E481001F9C37 /* ViewController.swift */; };
		37ABBBA322A6EBD5001F9C37 /* ApiController.swift in Sources */ = {isa = PBXBuildFile; fileRef = 37ABBBA222A6EBD5001F9C37 /* ApiController.swift */; };
		37ABBBA522A71935001F9C37 /* SearchResultsViewController.swift in Sources */ = {isa = PBXBuildFile; fileRef = 37ABBBA422A71935001F9C37 /* SearchResultsViewController.swift */; };
		37ABBBAA22A71ED0001F9C37 /* SearchResultTableViewCell.swift in Sources */ = {isa = PBXBuildFile; fileRef = 37ABBBA922A71ED0001F9C37 /* SearchResultTableViewCell.swift */; };
		37ABBBAC22A72CF2001F9C37 /* Utilities.swift in Sources */ = {isa = PBXBuildFile; fileRef = 37ABBBAB22A72CF2001F9C37 /* Utilities.swift */; };
		37ABBBAF22A83024001F9C37 /* RealmController.swift in Sources */ = {isa = PBXBuildFile; fileRef = 37ABBBAE22A83024001F9C37 /* RealmController.swift */; };
		37ABBBB122A8393C001F9C37 /* SearchHistoryTableViewCell.swift in Sources */ = {isa = PBXBuildFile; fileRef = 37ABBBB022A8393C001F9C37 /* SearchHistoryTableViewCell.swift */; };
		37ABBBB322A84608001F9C37 /* FileManagerController.swift in Sources */ = {isa = PBXBuildFile; fileRef = 37ABBBB222A84608001F9C37 /* FileManagerController.swift */; };
/* End PBXBuildFile section */

/* Begin PBXFileReference section */
		37ABBB8222A6D5E7001F9C37 /* pictureSearch.app */ = {isa = PBXFileReference; explicitFileType = wrapper.application; includeInIndex = 0; path = pictureSearch.app; sourceTree = BUILT_PRODUCTS_DIR; };
		37ABBB8522A6D5E7001F9C37 /* AppDelegate.swift */ = {isa = PBXFileReference; lastKnownFileType = sourcecode.swift; path = AppDelegate.swift; sourceTree = "<group>"; };
		37ABBB8A22A6D5E7001F9C37 /* Base */ = {isa = PBXFileReference; lastKnownFileType = file.storyboard; name = Base; path = Base.lproj/Main.storyboard; sourceTree = "<group>"; };
		37ABBB8C22A6D5E8001F9C37 /* Assets.xcassets */ = {isa = PBXFileReference; lastKnownFileType = folder.assetcatalog; path = Assets.xcassets; sourceTree = "<group>"; };
		37ABBB8F22A6D5E8001F9C37 /* Base */ = {isa = PBXFileReference; lastKnownFileType = file.storyboard; name = Base; path = Base.lproj/LaunchScreen.storyboard; sourceTree = "<group>"; };
		37ABBB9122A6D5E8001F9C37 /* Info.plist */ = {isa = PBXFileReference; lastKnownFileType = text.plist.xml; path = Info.plist; sourceTree = "<group>"; };
		37ABBB9722A6DCB7001F9C37 /* SearchViewController.swift */ = {isa = PBXFileReference; lastKnownFileType = sourcecode.swift; path = SearchViewController.swift; sourceTree = "<group>"; };
		37ABBBA022A6E481001F9C37 /* ViewController.swift */ = {isa = PBXFileReference; fileEncoding = 4; lastKnownFileType = sourcecode.swift; path = ViewController.swift; sourceTree = "<group>"; };
		37ABBBA222A6EBD5001F9C37 /* ApiController.swift */ = {isa = PBXFileReference; lastKnownFileType = sourcecode.swift; path = ApiController.swift; sourceTree = "<group>"; };
		37ABBBA422A71935001F9C37 /* SearchResultsViewController.swift */ = {isa = PBXFileReference; lastKnownFileType = sourcecode.swift; path = SearchResultsViewController.swift; sourceTree = "<group>"; };
		37ABBBA922A71ED0001F9C37 /* SearchResultTableViewCell.swift */ = {isa = PBXFileReference; lastKnownFileType = sourcecode.swift; path = SearchResultTableViewCell.swift; sourceTree = "<group>"; };
		37ABBBAB22A72CF2001F9C37 /* Utilities.swift */ = {isa = PBXFileReference; lastKnownFileType = sourcecode.swift; path = Utilities.swift; sourceTree = "<group>"; };
		37ABBBAE22A83024001F9C37 /* RealmController.swift */ = {isa = PBXFileReference; lastKnownFileType = sourcecode.swift; path = RealmController.swift; sourceTree = "<group>"; };
		37ABBBB022A8393C001F9C37 /* SearchHistoryTableViewCell.swift */ = {isa = PBXFileReference; lastKnownFileType = sourcecode.swift; path = SearchHistoryTableViewCell.swift; sourceTree = "<group>"; };
		37ABBBB222A84608001F9C37 /* FileManagerController.swift */ = {isa = PBXFileReference; lastKnownFileType = sourcecode.swift; path = FileManagerController.swift; sourceTree = "<group>"; };
		A33B2E034C4EDC292919C30E /* Pods-pictureSearch.debug.xcconfig */ = {isa = PBXFileReference; includeInIndex = 1; lastKnownFileType = text.xcconfig; name = "Pods-pictureSearch.debug.xcconfig"; path = "Target Support Files/Pods-pictureSearch/Pods-pictureSearch.debug.xcconfig"; sourceTree = "<group>"; };
		B245F604C4891352BC4AA260 /* Pods_pictureSearch.framework */ = {isa = PBXFileReference; explicitFileType = wrapper.framework; includeInIndex = 0; path = Pods_pictureSearch.framework; sourceTree = BUILT_PRODUCTS_DIR; };
		B63834BFAE8E779F39B525B9 /* Pods-pictureSearch.release.xcconfig */ = {isa = PBXFileReference; includeInIndex = 1; lastKnownFileType = text.xcconfig; name = "Pods-pictureSearch.release.xcconfig"; path = "Target Support Files/Pods-pictureSearch/Pods-pictureSearch.release.xcconfig"; sourceTree = "<group>"; };
/* End PBXFileReference section */

/* Begin PBXFrameworksBuildPhase section */
		37ABBB7F22A6D5E7001F9C37 /* Frameworks */ = {
			isa = PBXFrameworksBuildPhase;
			buildActionMask = 2147483647;
			files = (
				2A9ADFAE04AB25772EC24DF5 /* Pods_pictureSearch.framework in Frameworks */,
			);
			runOnlyForDeploymentPostprocessing = 0;
		};
/* End PBXFrameworksBuildPhase section */

/* Begin PBXGroup section */
		37ABBB7922A6D5E7001F9C37 = {
			isa = PBXGroup;
			children = (
				37ABBB8422A6D5E7001F9C37 /* pictureSearch */,
				37ABBB8322A6D5E7001F9C37 /* Products */,
				3B2DF5776A80CE8DDC77FE88 /* Pods */,
				394D57F510BF4120C27E4AF6 /* Frameworks */,
			);
			sourceTree = "<group>";
		};
		37ABBB8322A6D5E7001F9C37 /* Products */ = {
			isa = PBXGroup;
			children = (
				37ABBB8222A6D5E7001F9C37 /* pictureSearch.app */,
			);
			name = Products;
			sourceTree = "<group>";
		};
		37ABBB8422A6D5E7001F9C37 /* pictureSearch */ = {
			isa = PBXGroup;
			children = (
				37ABBB8522A6D5E7001F9C37 /* AppDelegate.swift */,
				37ABBB9A22A6E2F1001F9C37 /* ViewControllers */,
				37ABBB9922A6E2A0001F9C37 /* Resources */,
				37ABBBA622A71E1A001F9C37 /* ModelControllers */,
				37ABBBAD22A72E69001F9C37 /* Utilities */,
			);
			path = pictureSearch;
			sourceTree = "<group>";
		};
		37ABBB9922A6E2A0001F9C37 /* Resources */ = {
			isa = PBXGroup;
			children = (
				37ABBB8922A6D5E7001F9C37 /* Main.storyboard */,
				37ABBB8C22A6D5E8001F9C37 /* Assets.xcassets */,
				37ABBB8E22A6D5E8001F9C37 /* LaunchScreen.storyboard */,
				37ABBB9122A6D5E8001F9C37 /* Info.plist */,
			);
			path = Resources;
			sourceTree = "<group>";
		};
		37ABBB9A22A6E2F1001F9C37 /* ViewControllers */ = {
			isa = PBXGroup;
			children = (
				37ABBB9F22A6E478001F9C37 /* Initial */,
				37ABBB9C22A6E326001F9C37 /* Search */,
			);
			path = ViewControllers;
			sourceTree = "<group>";
		};
		37ABBB9C22A6E326001F9C37 /* Search */ = {
			isa = PBXGroup;
			children = (
				37ABBBA722A71E88001F9C37 /* SearchAndHistory */,
				37ABBBA822A71EAF001F9C37 /* Results */,
			);
			path = Search;
			sourceTree = "<group>";
		};
		37ABBB9F22A6E478001F9C37 /* Initial */ = {
			isa = PBXGroup;
			children = (
				37ABBBA022A6E481001F9C37 /* ViewController.swift */,
			);
			path = Initial;
			sourceTree = "<group>";
		};
		37ABBBA622A71E1A001F9C37 /* ModelControllers */ = {
			isa = PBXGroup;
			children = (
				37ABBBA222A6EBD5001F9C37 /* ApiController.swift */,
				37ABBBAE22A83024001F9C37 /* RealmController.swift */,
				37ABBBB222A84608001F9C37 /* FileManagerController.swift */,
			);
			path = ModelControllers;
			sourceTree = "<group>";
		};
		37ABBBA722A71E88001F9C37 /* SearchAndHistory */ = {
			isa = PBXGroup;
			children = (
				37ABBB9722A6DCB7001F9C37 /* SearchViewController.swift */,
				37ABBBB022A8393C001F9C37 /* SearchHistoryTableViewCell.swift */,
			);
			path = SearchAndHistory;
			sourceTree = "<group>";
		};
		37ABBBA822A71EAF001F9C37 /* Results */ = {
			isa = PBXGroup;
			children = (
				37ABBBA422A71935001F9C37 /* SearchResultsViewController.swift */,
				37ABBBA922A71ED0001F9C37 /* SearchResultTableViewCell.swift */,
			);
			path = Results;
			sourceTree = "<group>";
		};
		37ABBBAD22A72E69001F9C37 /* Utilities */ = {
			isa = PBXGroup;
			children = (
				37ABBBAB22A72CF2001F9C37 /* Utilities.swift */,
			);
			path = Utilities;
			sourceTree = "<group>";
		};
		394D57F510BF4120C27E4AF6 /* Frameworks */ = {
			isa = PBXGroup;
			children = (
				B245F604C4891352BC4AA260 /* Pods_pictureSearch.framework */,
			);
			name = Frameworks;
			sourceTree = "<group>";
		};
		3B2DF5776A80CE8DDC77FE88 /* Pods */ = {
			isa = PBXGroup;
			children = (
				A33B2E034C4EDC292919C30E /* Pods-pictureSearch.debug.xcconfig */,
				B63834BFAE8E779F39B525B9 /* Pods-pictureSearch.release.xcconfig */,
			);
			path = Pods;
			sourceTree = "<group>";
		};
/* End PBXGroup section */

/* Begin PBXNativeTarget section */
		37ABBB8122A6D5E7001F9C37 /* pictureSearch */ = {
			isa = PBXNativeTarget;
			buildConfigurationList = 37ABBB9422A6D5E8001F9C37 /* Build configuration list for PBXNativeTarget "pictureSearch" */;
			buildPhases = (
				EF5AD8BAC16873508DC6AE72 /* [CP] Check Pods Manifest.lock */,
				37ABBB7E22A6D5E7001F9C37 /* Sources */,
				37ABBB7F22A6D5E7001F9C37 /* Frameworks */,
				37ABBB8022A6D5E7001F9C37 /* Resources */,
				062242BE0905A519DCAD69BF /* [CP] Embed Pods Frameworks */,
			);
			buildRules = (
			);
			dependencies = (
			);
			name = pictureSearch;
			productName = pictureSearch;
			productReference = 37ABBB8222A6D5E7001F9C37 /* pictureSearch.app */;
			productType = "com.apple.product-type.application";
		};
/* End PBXNativeTarget section */

/* Begin PBXProject section */
		37ABBB7A22A6D5E7001F9C37 /* Project object */ = {
			isa = PBXProject;
			attributes = {
				LastSwiftUpdateCheck = 1020;
				LastUpgradeCheck = 1020;
				ORGANIZATIONNAME = "Vladyslav Filipov";
				TargetAttributes = {
					37ABBB8122A6D5E7001F9C37 = {
						CreatedOnToolsVersion = 10.2.1;
					};
				};
			};
			buildConfigurationList = 37ABBB7D22A6D5E7001F9C37 /* Build configuration list for PBXProject "pictureSearch" */;
			compatibilityVersion = "Xcode 9.3";
			developmentRegion = en;
			hasScannedForEncodings = 0;
			knownRegions = (
				en,
				Base,
			);
			mainGroup = 37ABBB7922A6D5E7001F9C37;
			productRefGroup = 37ABBB8322A6D5E7001F9C37 /* Products */;
			projectDirPath = "";
			projectRoot = "";
			targets = (
				37ABBB8122A6D5E7001F9C37 /* pictureSearch */,
			);
		};
/* End PBXProject section */

/* Begin PBXResourcesBuildPhase section */
		37ABBB8022A6D5E7001F9C37 /* Resources */ = {
			isa = PBXResourcesBuildPhase;
			buildActionMask = 2147483647;
			files = (
				37ABBB9022A6D5E8001F9C37 /* LaunchScreen.storyboard in Resources */,
				37ABBB8D22A6D5E8001F9C37 /* Assets.xcassets in Resources */,
				37ABBB8B22A6D5E7001F9C37 /* Main.storyboard in Resources */,
			);
			runOnlyForDeploymentPostprocessing = 0;
		};
/* End PBXResourcesBuildPhase section */

/* Begin PBXShellScriptBuildPhase section */
		062242BE0905A519DCAD69BF /* [CP] Embed Pods Frameworks */ = {
			isa = PBXShellScriptBuildPhase;
			buildActionMask = 2147483647;
			files = (
			);
			inputFileListPaths = (
				"${PODS_ROOT}/Target Support Files/Pods-pictureSearch/Pods-pictureSearch-frameworks-${CONFIGURATION}-input-files.xcfilelist",
			);
			name = "[CP] Embed Pods Frameworks";
			outputFileListPaths = (
				"${PODS_ROOT}/Target Support Files/Pods-pictureSearch/Pods-pictureSearch-frameworks-${CONFIGURATION}-output-files.xcfilelist",
			);
			runOnlyForDeploymentPostprocessing = 0;
			shellPath = /bin/sh;
			shellScript = "\"${PODS_ROOT}/Target Support Files/Pods-pictureSearch/Pods-pictureSearch-frameworks.sh\"\n";
			showEnvVarsInLog = 0;
		};
		EF5AD8BAC16873508DC6AE72 /* [CP] Check Pods Manifest.lock */ = {
			isa = PBXShellScriptBuildPhase;
			buildActionMask = 2147483647;
			files = (
			);
			inputFileListPaths = (
			);
			inputPaths = (
				"${PODS_PODFILE_DIR_PATH}/Podfile.lock",
				"${PODS_ROOT}/Manifest.lock",
			);
			name = "[CP] Check Pods Manifest.lock";
			outputFileListPaths = (
			);
			outputPaths = (
				"$(DERIVED_FILE_DIR)/Pods-pictureSearch-checkManifestLockResult.txt",
			);
			runOnlyForDeploymentPostprocessing = 0;
			shellPath = /bin/sh;
			shellScript = "diff \"${PODS_PODFILE_DIR_PATH}/Podfile.lock\" \"${PODS_ROOT}/Manifest.lock\" > /dev/null\nif [ $? != 0 ] ; then\n    # print error to STDERR\n    echo \"error: The sandbox is not in sync with the Podfile.lock. Run 'pod install' or update your CocoaPods installation.\" >&2\n    exit 1\nfi\n# This output is used by Xcode 'outputs' to avoid re-running this script phase.\necho \"SUCCESS\" > \"${SCRIPT_OUTPUT_FILE_0}\"\n";
			showEnvVarsInLog = 0;
		};
/* End PBXShellScriptBuildPhase section */

/* Begin PBXSourcesBuildPhase section */
		37ABBB7E22A6D5E7001F9C37 /* Sources */ = {
			isa = PBXSourcesBuildPhase;
			buildActionMask = 2147483647;
			files = (
				37ABBB9822A6DCB7001F9C37 /* SearchViewController.swift in Sources */,
				37ABBBB322A84608001F9C37 /* FileManagerController.swift in Sources */,
				37ABBBA522A71935001F9C37 /* SearchResultsViewController.swift in Sources */,
				37ABBBAC22A72CF2001F9C37 /* Utilities.swift in Sources */,
				37ABBBAA22A71ED0001F9C37 /* SearchResultTableViewCell.swift in Sources */,
				37ABBBA322A6EBD5001F9C37 /* ApiController.swift in Sources */,
				37ABBBAF22A83024001F9C37 /* RealmController.swift in Sources */,
				37ABBBA122A6E481001F9C37 /* ViewController.swift in Sources */,
				37ABBBB122A8393C001F9C37 /* SearchHistoryTableViewCell.swift in Sources */,
				37ABBB8622A6D5E7001F9C37 /* AppDelegate.swift in Sources */,
			);
			runOnlyForDeploymentPostprocessing = 0;
		};
/* End PBXSourcesBuildPhase section */

/* Begin PBXVariantGroup section */
		37ABBB8922A6D5E7001F9C37 /* Main.storyboard */ = {
			isa = PBXVariantGroup;
			children = (
				37ABBB8A22A6D5E7001F9C37 /* Base */,
			);
			name = Main.storyboard;
			sourceTree = "<group>";
		};
		37ABBB8E22A6D5E8001F9C37 /* LaunchScreen.storyboard */ = {
			isa = PBXVariantGroup;
			children = (
				37ABBB8F22A6D5E8001F9C37 /* Base */,
			);
			name = LaunchScreen.storyboard;
			sourceTree = "<group>";
		};
/* End PBXVariantGroup section */

/* Begin XCBuildConfiguration section */
		37ABBB9222A6D5E8001F9C37 /* Debug */ = {
			isa = XCBuildConfiguration;
			buildSettings = {
				ALWAYS_SEARCH_USER_PATHS = NO;
				CLANG_ANALYZER_NONNULL = YES;
				CLANG_ANALYZER_NUMBER_OBJECT_CONVERSION = YES_AGGRESSIVE;
				CLANG_CXX_LANGUAGE_STANDARD = "gnu++14";
				CLANG_CXX_LIBRARY = "libc++";
				CLANG_ENABLE_MODULES = YES;
				CLANG_ENABLE_OBJC_ARC = YES;
				CLANG_ENABLE_OBJC_WEAK = YES;
				CLANG_WARN_BLOCK_CAPTURE_AUTORELEASING = YES;
				CLANG_WARN_BOOL_CONVERSION = YES;
				CLANG_WARN_COMMA = YES;
				CLANG_WARN_CONSTANT_CONVERSION = YES;
				CLANG_WARN_DEPRECATED_OBJC_IMPLEMENTATIONS = YES;
				CLANG_WARN_DIRECT_OBJC_ISA_USAGE = YES_ERROR;
				CLANG_WARN_DOCUMENTATION_COMMENTS = YES;
				CLANG_WARN_EMPTY_BODY = YES;
				CLANG_WARN_ENUM_CONVERSION = YES;
				CLANG_WARN_INFINITE_RECURSION = YES;
				CLANG_WARN_INT_CONVERSION = YES;
				CLANG_WARN_NON_LITERAL_NULL_CONVERSION = YES;
				CLANG_WARN_OBJC_IMPLICIT_RETAIN_SELF = YES;
				CLANG_WARN_OBJC_LITERAL_CONVERSION = YES;
				CLANG_WARN_OBJC_ROOT_CLASS = YES_ERROR;
				CLANG_WARN_RANGE_LOOP_ANALYSIS = YES;
				CLANG_WARN_STRICT_PROTOTYPES = YES;
				CLANG_WARN_SUSPICIOUS_MOVE = YES;
				CLANG_WARN_UNGUARDED_AVAILABILITY = YES_AGGRESSIVE;
				CLANG_WARN_UNREACHABLE_CODE = YES;
				CLANG_WARN__DUPLICATE_METHOD_MATCH = YES;
				CODE_SIGN_IDENTITY = "iPhone Developer";
				COPY_PHASE_STRIP = NO;
				DEBUG_INFORMATION_FORMAT = dwarf;
				ENABLE_STRICT_OBJC_MSGSEND = YES;
				ENABLE_TESTABILITY = YES;
				GCC_C_LANGUAGE_STANDARD = gnu11;
				GCC_DYNAMIC_NO_PIC = NO;
				GCC_NO_COMMON_BLOCKS = YES;
				GCC_OPTIMIZATION_LEVEL = 0;
				GCC_PREPROCESSOR_DEFINITIONS = (
					"DEBUG=1",
					"$(inherited)",
				);
				GCC_WARN_64_TO_32_BIT_CONVERSION = YES;
				GCC_WARN_ABOUT_RETURN_TYPE = YES_ERROR;
				GCC_WARN_UNDECLARED_SELECTOR = YES;
				GCC_WARN_UNINITIALIZED_AUTOS = YES_AGGRESSIVE;
				GCC_WARN_UNUSED_FUNCTION = YES;
				GCC_WARN_UNUSED_VARIABLE = YES;
				IPHONEOS_DEPLOYMENT_TARGET = 12.2;
				MTL_ENABLE_DEBUG_INFO = INCLUDE_SOURCE;
				MTL_FAST_MATH = YES;
				ONLY_ACTIVE_ARCH = YES;
				SDKROOT = iphoneos;
				SWIFT_ACTIVE_COMPILATION_CONDITIONS = DEBUG;
				SWIFT_OPTIMIZATION_LEVEL = "-Onone";
			};
			name = Debug;
		};
		37ABBB9322A6D5E8001F9C37 /* Release */ = {
			isa = XCBuildConfiguration;
			buildSettings = {
				ALWAYS_SEARCH_USER_PATHS = NO;
				CLANG_ANALYZER_NONNULL = YES;
				CLANG_ANALYZER_NUMBER_OBJECT_CONVERSION = YES_AGGRESSIVE;
				CLANG_CXX_LANGUAGE_STANDARD = "gnu++14";
				CLANG_CXX_LIBRARY = "libc++";
				CLANG_ENABLE_MODULES = YES;
				CLANG_ENABLE_OBJC_ARC = YES;
				CLANG_ENABLE_OBJC_WEAK = YES;
				CLANG_WARN_BLOCK_CAPTURE_AUTORELEASING = YES;
				CLANG_WARN_BOOL_CONVERSION = YES;
				CLANG_WARN_COMMA = YES;
				CLANG_WARN_CONSTANT_CONVERSION = YES;
				CLANG_WARN_DEPRECATED_OBJC_IMPLEMENTATIONS = YES;
				CLANG_WARN_DIRECT_OBJC_ISA_USAGE = YES_ERROR;
				CLANG_WARN_DOCUMENTATION_COMMENTS = YES;
				CLANG_WARN_EMPTY_BODY = YES;
				CLANG_WARN_ENUM_CONVERSION = YES;
				CLANG_WARN_INFINITE_RECURSION = YES;
				CLANG_WARN_INT_CONVERSION = YES;
				CLANG_WARN_NON_LITERAL_NULL_CONVERSION = YES;
				CLANG_WARN_OBJC_IMPLICIT_RETAIN_SELF = YES;
				CLANG_WARN_OBJC_LITERAL_CONVERSION = YES;
				CLANG_WARN_OBJC_ROOT_CLASS = YES_ERROR;
				CLANG_WARN_RANGE_LOOP_ANALYSIS = YES;
				CLANG_WARN_STRICT_PROTOTYPES = YES;
				CLANG_WARN_SUSPICIOUS_MOVE = YES;
				CLANG_WARN_UNGUARDED_AVAILABILITY = YES_AGGRESSIVE;
				CLANG_WARN_UNREACHABLE_CODE = YES;
				CLANG_WARN__DUPLICATE_METHOD_MATCH = YES;
				CODE_SIGN_IDENTITY = "iPhone Developer";
				COPY_PHASE_STRIP = NO;
				DEBUG_INFORMATION_FORMAT = "dwarf-with-dsym";
				ENABLE_NS_ASSERTIONS = NO;
				ENABLE_STRICT_OBJC_MSGSEND = YES;
				GCC_C_LANGUAGE_STANDARD = gnu11;
				GCC_NO_COMMON_BLOCKS = YES;
				GCC_WARN_64_TO_32_BIT_CONVERSION = YES;
				GCC_WARN_ABOUT_RETURN_TYPE = YES_ERROR;
				GCC_WARN_UNDECLARED_SELECTOR = YES;
				GCC_WARN_UNINITIALIZED_AUTOS = YES_AGGRESSIVE;
				GCC_WARN_UNUSED_FUNCTION = YES;
				GCC_WARN_UNUSED_VARIABLE = YES;
				IPHONEOS_DEPLOYMENT_TARGET = 12.2;
				MTL_ENABLE_DEBUG_INFO = NO;
				MTL_FAST_MATH = YES;
				SDKROOT = iphoneos;
				SWIFT_COMPILATION_MODE = wholemodule;
				SWIFT_OPTIMIZATION_LEVEL = "-O";
				VALIDATE_PRODUCT = YES;
			};
			name = Release;
		};
		37ABBB9522A6D5E8001F9C37 /* Debug */ = {
			isa = XCBuildConfiguration;
			baseConfigurationReference = A33B2E034C4EDC292919C30E /* Pods-pictureSearch.debug.xcconfig */;
			buildSettings = {
				ASSETCATALOG_COMPILER_APPICON_NAME = AppIcon;
				CODE_SIGN_STYLE = Automatic;
				INFOPLIST_FILE = pictureSearch/Resources/Info.plist;
				LD_RUNPATH_SEARCH_PATHS = (
					"$(inherited)",
					"@executable_path/Frameworks",
				);
				PRODUCT_BUNDLE_IDENTIFIER = com.test.pictureSearch;
				PRODUCT_NAME = "$(TARGET_NAME)";
				SWIFT_VERSION = 5.0;
				TARGETED_DEVICE_FAMILY = "1,2";
			};
			name = Debug;
		};
		37ABBB9622A6D5E8001F9C37 /* Release */ = {
			isa = XCBuildConfiguration;
			baseConfigurationReference = B63834BFAE8E779F39B525B9 /* Pods-pictureSearch.release.xcconfig */;
			buildSettings = {
				ASSETCATALOG_COMPILER_APPICON_NAME = AppIcon;
				CODE_SIGN_STYLE = Automatic;
				INFOPLIST_FILE = pictureSearch/Resources/Info.plist;
				LD_RUNPATH_SEARCH_PATHS = (
					"$(inherited)",
					"@executable_path/Frameworks",
				);
				PRODUCT_BUNDLE_IDENTIFIER = com.test.pictureSearch;
				PRODUCT_NAME = "$(TARGET_NAME)";
				SWIFT_VERSION = 5.0;
				TARGETED_DEVICE_FAMILY = "1,2";
			};
			name = Release;
		};
/* End XCBuildConfiguration section */

/* Begin XCConfigurationList section */
		37ABBB7D22A6D5E7001F9C37 /* Build configuration list for PBXProject "pictureSearch" */ = {
			isa = XCConfigurationList;
			buildConfigurations = (
				37ABBB9222A6D5E8001F9C37 /* Debug */,
				37ABBB9322A6D5E8001F9C37 /* Release */,
			);
			defaultConfigurationIsVisible = 0;
			defaultConfigurationName = Release;
		};
		37ABBB9422A6D5E8001F9C37 /* Build configuration list for PBXNativeTarget "pictureSearch" */ = {
			isa = XCConfigurationList;
			buildConfigurations = (
				37ABBB9522A6D5E8001F9C37 /* Debug */,
				37ABBB9622A6D5E8001F9C37 /* Release */,
			);
			defaultConfigurationIsVisible = 0;
			defaultConfigurationName = Release;
		};
/* End XCConfigurationList section */
	};
	rootObject = 37ABBB7A22A6D5E7001F9C37 /* Project object */;
}
